// !$*UTF8*$!
{
	archiveVersion = 1;
	classes = {
	};
	objectVersion = 46;
	objects = {

/* Begin PBXBuildFile section */
		1F22C78A13625785004F3461 /* main.cpp in Sources */ = {isa = PBXBuildFile; fileRef = 1F22C78313625785004F3461 /* main.cpp */; };
		1F22C78B13625785004F3461 /* moustachizer.cpp in Sources */ = {isa = PBXBuildFile; fileRef = 1F22C78413625785004F3461 /* moustachizer.cpp */; };
		1F37F9BB14058127006F033D /* CLM.cc in Sources */ = {isa = PBXBuildFile; fileRef = 1F37F9AB14058127006F033D /* CLM.cc */; };
		1F37F9BC14058127006F033D /* CLM.h in Headers */ = {isa = PBXBuildFile; fileRef = 1F37F9AC14058127006F033D /* CLM.h */; };
		1F37F9BD14058127006F033D /* FCheck.cc in Sources */ = {isa = PBXBuildFile; fileRef = 1F37F9AD14058127006F033D /* FCheck.cc */; };
		1F37F9BE14058127006F033D /* FCheck.h in Headers */ = {isa = PBXBuildFile; fileRef = 1F37F9AE14058127006F033D /* FCheck.h */; };
		1F37F9BF14058127006F033D /* FDet.cc in Sources */ = {isa = PBXBuildFile; fileRef = 1F37F9AF14058127006F033D /* FDet.cc */; };
		1F37F9C014058127006F033D /* FDet.h in Headers */ = {isa = PBXBuildFile; fileRef = 1F37F9B014058127006F033D /* FDet.h */; };
		1F37F9C114058127006F033D /* IO.cc in Sources */ = {isa = PBXBuildFile; fileRef = 1F37F9B114058127006F033D /* IO.cc */; };
		1F37F9C214058127006F033D /* IO.h in Headers */ = {isa = PBXBuildFile; fileRef = 1F37F9B214058127006F033D /* IO.h */; };
		1F37F9C314058127006F033D /* Patch.cc in Sources */ = {isa = PBXBuildFile; fileRef = 1F37F9B314058127006F033D /* Patch.cc */; };
		1F37F9C414058127006F033D /* Patch.h in Headers */ = {isa = PBXBuildFile; fileRef = 1F37F9B414058127006F033D /* Patch.h */; };
		1F37F9C514058127006F033D /* PAW.cc in Sources */ = {isa = PBXBuildFile; fileRef = 1F37F9B514058127006F033D /* PAW.cc */; };
		1F37F9C614058127006F033D /* PAW.h in Headers */ = {isa = PBXBuildFile; fileRef = 1F37F9B614058127006F033D /* PAW.h */; };
		1F37F9C714058127006F033D /* PDM.cc in Sources */ = {isa = PBXBuildFile; fileRef = 1F37F9B714058127006F033D /* PDM.cc */; };
		1F37F9C814058127006F033D /* PDM.h in Headers */ = {isa = PBXBuildFile; fileRef = 1F37F9B814058127006F033D /* PDM.h */; };
		1F37F9C914058127006F033D /* Tracker.cc in Sources */ = {isa = PBXBuildFile; fileRef = 1F37F9B914058127006F033D /* Tracker.cc */; };
		1F37F9CA14058127006F033D /* Tracker.h in Headers */ = {isa = PBXBuildFile; fileRef = 1F37F9BA14058127006F033D /* Tracker.h */; };
		1F37F9EB1405E9BA006F033D /* libopencv_core.2.3.1.dylib in Frameworks */ = {isa = PBXBuildFile; fileRef = 1F37F9E61405E9BA006F033D /* libopencv_core.2.3.1.dylib */; };
		1F37F9ED1405E9BA006F033D /* libopencv_highgui.2.3.1.dylib in Frameworks */ = {isa = PBXBuildFile; fileRef = 1F37F9E81405E9BA006F033D /* libopencv_highgui.2.3.1.dylib */; };
		1F37F9EE1405E9BA006F033D /* libopencv_imgproc.2.3.1.dylib in Frameworks */ = {isa = PBXBuildFile; fileRef = 1F37F9E91405E9BA006F033D /* libopencv_imgproc.2.3.1.dylib */; };
		1F7A7ECF1406805F007036EF /* libopencv_objdetect.2.3.1.dylib in Frameworks */ = {isa = PBXBuildFile; fileRef = 1F7A7ECE1406805F007036EF /* libopencv_objdetect.2.3.1.dylib */; };
		1F8292C51404086000BC2C1B /* moustachizer.h in Headers */ = {isa = PBXBuildFile; fileRef = 1F8292C41404086000BC2C1B /* moustachizer.h */; };
/* End PBXBuildFile section */

/* Begin PBXFileReference section */
		1F22C78313625785004F3461 /* main.cpp */ = {isa = PBXFileReference; fileEncoding = 4; lastKnownFileType = sourcecode.cpp.cpp; name = main.cpp; path = src/main.cpp; sourceTree = "<group>"; };
		1F22C78413625785004F3461 /* moustachizer.cpp */ = {isa = PBXFileReference; fileEncoding = 4; lastKnownFileType = sourcecode.cpp.cpp; name = moustachizer.cpp; path = src/moustachizer.cpp; sourceTree = "<group>"; };
		1F37F9AB14058127006F033D /* CLM.cc */ = {isa = PBXFileReference; fileEncoding = 4; lastKnownFileType = sourcecode.cpp.cpp; path = CLM.cc; sourceTree = "<group>"; };
		1F37F9AC14058127006F033D /* CLM.h */ = {isa = PBXFileReference; fileEncoding = 4; lastKnownFileType = sourcecode.c.h; path = CLM.h; sourceTree = "<group>"; };
		1F37F9AD14058127006F033D /* FCheck.cc */ = {isa = PBXFileReference; fileEncoding = 4; lastKnownFileType = sourcecode.cpp.cpp; path = FCheck.cc; sourceTree = "<group>"; };
		1F37F9AE14058127006F033D /* FCheck.h */ = {isa = PBXFileReference; fileEncoding = 4; lastKnownFileType = sourcecode.c.h; path = FCheck.h; sourceTree = "<group>"; };
		1F37F9AF14058127006F033D /* FDet.cc */ = {isa = PBXFileReference; fileEncoding = 4; lastKnownFileType = sourcecode.cpp.cpp; path = FDet.cc; sourceTree = "<group>"; };
		1F37F9B014058127006F033D /* FDet.h */ = {isa = PBXFileReference; fileEncoding = 4; lastKnownFileType = sourcecode.c.h; path = FDet.h; sourceTree = "<group>"; };
		1F37F9B114058127006F033D /* IO.cc */ = {isa = PBXFileReference; fileEncoding = 4; lastKnownFileType = sourcecode.cpp.cpp; path = IO.cc; sourceTree = "<group>"; };
		1F37F9B214058127006F033D /* IO.h */ = {isa = PBXFileReference; fileEncoding = 4; lastKnownFileType = sourcecode.c.h; path = IO.h; sourceTree = "<group>"; };
		1F37F9B314058127006F033D /* Patch.cc */ = {isa = PBXFileReference; fileEncoding = 4; lastKnownFileType = sourcecode.cpp.cpp; path = Patch.cc; sourceTree = "<group>"; };
		1F37F9B414058127006F033D /* Patch.h */ = {isa = PBXFileReference; fileEncoding = 4; lastKnownFileType = sourcecode.c.h; path = Patch.h; sourceTree = "<group>"; };
		1F37F9B514058127006F033D /* PAW.cc */ = {isa = PBXFileReference; fileEncoding = 4; lastKnownFileType = sourcecode.cpp.cpp; path = PAW.cc; sourceTree = "<group>"; };
		1F37F9B614058127006F033D /* PAW.h */ = {isa = PBXFileReference; fileEncoding = 4; lastKnownFileType = sourcecode.c.h; path = PAW.h; sourceTree = "<group>"; };
		1F37F9B714058127006F033D /* PDM.cc */ = {isa = PBXFileReference; fileEncoding = 4; lastKnownFileType = sourcecode.cpp.cpp; path = PDM.cc; sourceTree = "<group>"; };
		1F37F9B814058127006F033D /* PDM.h */ = {isa = PBXFileReference; fileEncoding = 4; lastKnownFileType = sourcecode.c.h; path = PDM.h; sourceTree = "<group>"; };
		1F37F9B914058127006F033D /* Tracker.cc */ = {isa = PBXFileReference; fileEncoding = 4; lastKnownFileType = sourcecode.cpp.cpp; path = Tracker.cc; sourceTree = "<group>"; };
		1F37F9BA14058127006F033D /* Tracker.h */ = {isa = PBXFileReference; fileEncoding = 4; lastKnownFileType = sourcecode.c.h; path = Tracker.h; sourceTree = "<group>"; };
		1F37F9E61405E9BA006F033D /* libopencv_core.2.3.1.dylib */ = {isa = PBXFileReference; lastKnownFileType = "compiled.mach-o.dylib"; name = libopencv_core.2.3.1.dylib; path = ../../../../../usr/local/lib/libopencv_core.2.3.1.dylib; sourceTree = "<group>"; };
		1F37F9E81405E9BA006F033D /* libopencv_highgui.2.3.1.dylib */ = {isa = PBXFileReference; lastKnownFileType = "compiled.mach-o.dylib"; name = libopencv_highgui.2.3.1.dylib; path = ../../../../../usr/local/lib/libopencv_highgui.2.3.1.dylib; sourceTree = "<group>"; };
		1F37F9E91405E9BA006F033D /* libopencv_imgproc.2.3.1.dylib */ = {isa = PBXFileReference; lastKnownFileType = "compiled.mach-o.dylib"; name = libopencv_imgproc.2.3.1.dylib; path = ../../../../../usr/local/lib/libopencv_imgproc.2.3.1.dylib; sourceTree = "<group>"; };
		1F7A7ECE1406805F007036EF /* libopencv_objdetect.2.3.1.dylib */ = {isa = PBXFileReference; lastKnownFileType = "compiled.mach-o.dylib"; name = libopencv_objdetect.2.3.1.dylib; path = /usr/local/lib/libopencv_objdetect.2.3.1.dylib; sourceTree = "<absolute>"; };
		1F8292C41404086000BC2C1B /* moustachizer.h */ = {isa = PBXFileReference; fileEncoding = 4; lastKnownFileType = sourcecode.c.h; name = moustachizer.h; path = src/moustachizer.h; sourceTree = "<group>"; };
		D2AAC0630554660B00DB518D /* moustachizer.dylib */ = {isa = PBXFileReference; explicitFileType = "compiled.mach-o.dylib"; includeInIndex = 0; path = moustachizer.dylib; sourceTree = BUILT_PRODUCTS_DIR; };
/* End PBXFileReference section */

/* Begin PBXFrameworksBuildPhase section */
		D289988505E68E00004EDB86 /* Frameworks */ = {
			isa = PBXFrameworksBuildPhase;
			buildActionMask = 2147483647;
			files = (
				1F37F9EB1405E9BA006F033D /* libopencv_core.2.3.1.dylib in Frameworks */,
				1F37F9ED1405E9BA006F033D /* libopencv_highgui.2.3.1.dylib in Frameworks */,
				1F37F9EE1405E9BA006F033D /* libopencv_imgproc.2.3.1.dylib in Frameworks */,
				1F7A7ECF1406805F007036EF /* libopencv_objdetect.2.3.1.dylib in Frameworks */,
			);
			runOnlyForDeploymentPostprocessing = 0;
		};
/* End PBXFrameworksBuildPhase section */

/* Begin PBXGroup section */
		08FB7794FE84155DC02AAC07 /* moustachizer */ = {
			isa = PBXGroup;
			children = (
				08FB7795FE84155DC02AAC07 /* Source */,
				1F7A7ECE1406805F007036EF /* libopencv_objdetect.2.3.1.dylib */,
				1F37F9E61405E9BA006F033D /* libopencv_core.2.3.1.dylib */,
				1F37F9E81405E9BA006F033D /* libopencv_highgui.2.3.1.dylib */,
				1F37F9E91405E9BA006F033D /* libopencv_imgproc.2.3.1.dylib */,
				1AB674ADFE9D54B511CA2CBB /* Products */,
			);
			name = moustachizer;
			sourceTree = "<group>";
		};
		08FB7795FE84155DC02AAC07 /* Source */ = {
			isa = PBXGroup;
			children = (
				1F22C78313625785004F3461 /* main.cpp */,
				1F8292C41404086000BC2C1B /* moustachizer.h */,
				1F22C78413625785004F3461 /* moustachizer.cpp */,
				1F37F9AA14058127006F033D /* FaceTracker */,
			);
			name = Source;
			sourceTree = "<group>";
		};
		1AB674ADFE9D54B511CA2CBB /* Products */ = {
			isa = PBXGroup;
			children = (
				D2AAC0630554660B00DB518D /* moustachizer.dylib */,
			);
			name = Products;
			sourceTree = "<group>";
		};
		1F37F9AA14058127006F033D /* FaceTracker */ = {
			isa = PBXGroup;
			children = (
				1F37F9AB14058127006F033D /* CLM.cc */,
				1F37F9AC14058127006F033D /* CLM.h */,
				1F37F9AD14058127006F033D /* FCheck.cc */,
				1F37F9AE14058127006F033D /* FCheck.h */,
				1F37F9AF14058127006F033D /* FDet.cc */,
				1F37F9B014058127006F033D /* FDet.h */,
				1F37F9B114058127006F033D /* IO.cc */,
				1F37F9B214058127006F033D /* IO.h */,
				1F37F9B314058127006F033D /* Patch.cc */,
				1F37F9B414058127006F033D /* Patch.h */,
				1F37F9B514058127006F033D /* PAW.cc */,
				1F37F9B614058127006F033D /* PAW.h */,
				1F37F9B714058127006F033D /* PDM.cc */,
				1F37F9B814058127006F033D /* PDM.h */,
				1F37F9B914058127006F033D /* Tracker.cc */,
				1F37F9BA14058127006F033D /* Tracker.h */,
			);
			name = FaceTracker;
			path = src/FaceTracker;
			sourceTree = "<group>";
		};
/* End PBXGroup section */

/* Begin PBXHeadersBuildPhase section */
		D2AAC0600554660B00DB518D /* Headers */ = {
			isa = PBXHeadersBuildPhase;
			buildActionMask = 2147483647;
			files = (
				1F8292C51404086000BC2C1B /* moustachizer.h in Headers */,
				1F37F9BC14058127006F033D /* CLM.h in Headers */,
				1F37F9BE14058127006F033D /* FCheck.h in Headers */,
				1F37F9C014058127006F033D /* FDet.h in Headers */,
				1F37F9C214058127006F033D /* IO.h in Headers */,
				1F37F9C414058127006F033D /* Patch.h in Headers */,
				1F37F9C614058127006F033D /* PAW.h in Headers */,
				1F37F9C814058127006F033D /* PDM.h in Headers */,
				1F37F9CA14058127006F033D /* Tracker.h in Headers */,
			);
			runOnlyForDeploymentPostprocessing = 0;
		};
/* End PBXHeadersBuildPhase section */

/* Begin PBXNativeTarget section */
		D2AAC0620554660B00DB518D /* moustachizer */ = {
			isa = PBXNativeTarget;
			buildConfigurationList = 1DEB914A08733D8E0010E9CD /* Build configuration list for PBXNativeTarget "moustachizer" */;
			buildPhases = (
				D2AAC0600554660B00DB518D /* Headers */,
				D2AAC0610554660B00DB518D /* Sources */,
				D289988505E68E00004EDB86 /* Frameworks */,
			);
			buildRules = (
			);
			dependencies = (
			);
			name = moustachizer;
			productName = moustachizer;
			productReference = D2AAC0630554660B00DB518D /* moustachizer.dylib */;
			productType = "com.apple.product-type.library.dynamic";
		};
/* End PBXNativeTarget section */

/* Begin PBXProject section */
		08FB7793FE84155DC02AAC07 /* Project object */ = {
			isa = PBXProject;
			attributes = {
				LastUpgradeCheck = 0410;
			};
			buildConfigurationList = 1DEB914E08733D8E0010E9CD /* Build configuration list for PBXProject "moustachizer" */;
			compatibilityVersion = "Xcode 3.2";
			developmentRegion = English;
			hasScannedForEncodings = 1;
			knownRegions = (
				English,
				Japanese,
				French,
				German,
			);
			mainGroup = 08FB7794FE84155DC02AAC07 /* moustachizer */;
			projectDirPath = "";
			projectRoot = "";
			targets = (
				D2AAC0620554660B00DB518D /* moustachizer */,
			);
		};
/* End PBXProject section */

/* Begin PBXSourcesBuildPhase section */
		D2AAC0610554660B00DB518D /* Sources */ = {
			isa = PBXSourcesBuildPhase;
			buildActionMask = 2147483647;
			files = (
				1F22C78A13625785004F3461 /* main.cpp in Sources */,
				1F22C78B13625785004F3461 /* moustachizer.cpp in Sources */,
				1F37F9BB14058127006F033D /* CLM.cc in Sources */,
				1F37F9BD14058127006F033D /* FCheck.cc in Sources */,
				1F37F9BF14058127006F033D /* FDet.cc in Sources */,
				1F37F9C114058127006F033D /* IO.cc in Sources */,
				1F37F9C314058127006F033D /* Patch.cc in Sources */,
				1F37F9C514058127006F033D /* PAW.cc in Sources */,
				1F37F9C714058127006F033D /* PDM.cc in Sources */,
				1F37F9C914058127006F033D /* Tracker.cc in Sources */,
			);
			runOnlyForDeploymentPostprocessing = 0;
		};
/* End PBXSourcesBuildPhase section */

/* Begin XCBuildConfiguration section */
		1DEB914B08733D8E0010E9CD /* Debug */ = {
			isa = XCBuildConfiguration;
			buildSettings = {
				ALWAYS_SEARCH_USER_PATHS = NO;
				COPY_PHASE_STRIP = NO;
				EXECUTABLE_PREFIX = "";
				GCC_DYNAMIC_NO_PIC = NO;
				GCC_MODEL_TUNING = G5;
				GCC_OPTIMIZATION_LEVEL = 0;
				HEADER_SEARCH_PATHS = (
					/usr/local/include,
					"\"$(SRCROOT)/src/FaceTracker/lib\"",
				);
				INSTALL_PATH = /usr/local/lib;
				LIBRARY_SEARCH_PATHS = "$(inherited)";
				MACH_O_TYPE = mh_dylib;
				OTHER_CFLAGS = "";
				PRODUCT_NAME = moustachizer;
			};
			name = Debug;
		};
		1DEB914C08733D8E0010E9CD /* Release */ = {
			isa = XCBuildConfiguration;
			buildSettings = {
				ALWAYS_SEARCH_USER_PATHS = NO;
				DEBUG_INFORMATION_FORMAT = "dwarf-with-dsym";
				EXECUTABLE_PREFIX = "";
				GCC_MODEL_TUNING = G5;
				HEADER_SEARCH_PATHS = (
					/usr/local/include,
					"\"$(SRCROOT)/src/FaceTracker/lib\"",
				);
				INSTALL_PATH = /usr/local/lib;
				LIBRARY_SEARCH_PATHS = "$(inherited)";
				MACH_O_TYPE = mh_dylib;
				OTHER_CFLAGS = "";
				PRODUCT_NAME = moustachizer;
			};
			name = Release;
		};
		1DEB914F08733D8E0010E9CD /* Debug */ = {
			isa = XCBuildConfiguration;
			buildSettings = {
				ARCHS = "$(ARCHS_STANDARD_32_64_BIT)";
				GCC_C_LANGUAGE_STANDARD = gnu99;
				GCC_OPTIMIZATION_LEVEL = 0;
				GCC_WARN_ABOUT_RETURN_TYPE = YES;
				GCC_WARN_UNUSED_VARIABLE = YES;
				ONLY_ACTIVE_ARCH = YES;
				SDKROOT = macosx;
			};
			name = Debug;
		};
		1DEB915008733D8E0010E9CD /* Release */ = {
			isa = XCBuildConfiguration;
			buildSettings = {
				ARCHS = "$(ARCHS_STANDARD_32_64_BIT)";
				GCC_C_LANGUAGE_STANDARD = gnu99;
				GCC_WARN_ABOUT_RETURN_TYPE = YES;
				GCC_WARN_UNUSED_VARIABLE = YES;
				SDKROOT = macosx;
			};
			name = Release;
		};
/* End XCBuildConfiguration section */

/* Begin XCConfigurationList section */
		1DEB914A08733D8E0010E9CD /* Build configuration list for PBXNativeTarget "moustachizer" */ = {
			isa = XCConfigurationList;
			buildConfigurations = (
				1DEB914B08733D8E0010E9CD /* Debug */,
				1DEB914C08733D8E0010E9CD /* Release */,
			);
			defaultConfigurationIsVisible = 0;
			defaultConfigurationName = Release;
		};
		1DEB914E08733D8E0010E9CD /* Build configuration list for PBXProject "moustachizer" */ = {
			isa = XCConfigurationList;
			buildConfigurations = (
				1DEB914F08733D8E0010E9CD /* Debug */,
				1DEB915008733D8E0010E9CD /* Release */,
			);
			defaultConfigurationIsVisible = 0;
			defaultConfigurationName = Release;
		};
/* End XCConfigurationList section */
	};
	rootObject = 08FB7793FE84155DC02AAC07 /* Project object */;
}
